
Microsoft Visual Studio Solution File, Format Version 12.00
# Visual Studio Version 16
VisualStudioVersion = 16.0.30330.147
MinimumVisualStudioVersion = 10.0.40219.1
Project("{FAE04EC0-301F-11D3-BF4B-00C04F79EFBC}") = "B21_Ex01_1", "Project1\B21_Ex01_1.csproj", "{2F1F0925-202B-4F9F-BDEB-82804DE86105}"
EndProject
Project("{FAE04EC0-301F-11D3-BF4B-00C04F79EFBC}") = "B21_Ex01_2", "B21_Ex01_2\B21_Ex01_2.csproj", "{DC84DE32-1694-4781-B2B2-4DE5E13E57B2}"
EndProject
Project("{FAE04EC0-301F-11D3-BF4B-00C04F79EFBC}") = "B21_Ex01_3", "B21_Ex01_3\B21_Ex01_3.csproj", "{DB40A566-A0AB-4E99-BF08-351DC2F19F51}"
EndProject
Project("{FAE04EC0-301F-11D3-BF4B-00C04F79EFBC}") = "B21_Ex01_4", "B21_Ex01_4\B21_Ex01_4.csproj", "{DC51350E-2958-4AC1-BD68-52DAB0A02AF2}"
EndProject
Project("{FAE04EC0-301F-11D3-BF4B-00C04F79EFBC}") = "B21_Ex01_6", "B21_Ex01_6\B21_Ex01_6.csproj", "{22854C82-F7D4-424E-9411-07E6F1DD2AB6}"
EndProject
Global
	GlobalSection(SolutionConfigurationPlatforms) = preSolution
		Debug|Any CPU = Debug|Any CPU
		Release|Any CPU = Release|Any CPU
	EndGlobalSection
	GlobalSection(ProjectConfigurationPlatforms) = postSolution
		{2F1F0925-202B-4F9F-BDEB-82804DE86105}.Debug|Any CPU.ActiveCfg = Debug|Any CPU
		{2F1F0925-202B-4F9F-BDEB-82804DE86105}.Debug|Any CPU.Build.0 = Debug|Any CPU
		{2F1F0925-202B-4F9F-BDEB-82804DE86105}.Release|Any CPU.ActiveCfg = Release|Any CPU
		{2F1F0925-202B-4F9F-BDEB-82804DE86105}.Release|Any CPU.Build.0 = Release|Any CPU
		{DC84DE32-1694-4781-B2B2-4DE5E13E57B2}.Debug|Any CPU.ActiveCfg = Debug|Any CPU
		{DC84DE32-1694-4781-B2B2-4DE5E13E57B2}.Debug|Any CPU.Build.0 = Debug|Any CPU
		{DC84DE32-1694-4781-B2B2-4DE5E13E57B2}.Release|Any CPU.ActiveCfg = Release|Any CPU
		{DC84DE32-1694-4781-B2B2-4DE5E13E57B2}.Release|Any CPU.Build.0 = Release|Any CPU
		{DB40A566-A0AB-4E99-BF08-351DC2F19F51}.Debug|Any CPU.ActiveCfg = Debug|Any CPU
		{DB40A566-A0AB-4E99-BF08-351DC2F19F51}.Debug|Any CPU.Build.0 = Debug|Any CPU
		{DB40A566-A0AB-4E99-BF08-351DC2F19F51}.Release|Any CPU.ActiveCfg = Release|Any CPU
		{DB40A566-A0AB-4E99-BF08-351DC2F19F51}.Release|Any CPU.Build.0 = Release|Any CPU
		{DC51350E-2958-4AC1-BD68-52DAB0A02AF2}.Debug|Any CPU.ActiveCfg = Debug|Any CPU
		{DC51350E-2958-4AC1-BD68-52DAB0A02AF2}.Debug|Any CPU.Build.0 = Debug|Any CPU
		{DC51350E-2958-4AC1-BD68-52DAB0A02AF2}.Release|Any CPU.ActiveCfg = Release|Any CPU
		{DC51350E-2958-4AC1-BD68-52DAB0A02AF2}.Release|Any CPU.Build.0 = Release|Any CPU
		{22854C82-F7D4-424E-9411-07E6F1DD2AB6}.Debug|Any CPU.ActiveCfg = Debug|Any CPU
		{22854C82-F7D4-424E-9411-07E6F1DD2AB6}.Debug|Any CPU.Build.0 = Debug|Any CPU
		{22854C82-F7D4-424E-9411-07E6F1DD2AB6}.Release|Any CPU.ActiveCfg = Release|Any CPU
		{22854C82-F7D4-424E-9411-07E6F1DD2AB6}.Release|Any CPU.Build.0 = Release|Any CPU
	EndGlobalSection
	GlobalSection(SolutionProperties) = preSolution
		HideSolutionNode = FALSE
	EndGlobalSection
	GlobalSection(ExtensibilityGlobals) = postSolution
		SolutionGuid = {EAA2E4F9-FE13-41DD-8AFD-3D2FA8C2639D}
	EndGlobalSection
EndGlobal
